
Microsoft Visual Studio Solution File, Format Version 12.00
# Visual Studio Version 17
VisualStudioVersion = 17.11.35208.52
MinimumVisualStudioVersion = 10.0.40219.1
Project("{FAE04EC0-301F-11D3-BF4B-00C04F79EFBC}") = "backend-lab-C16696", "backend-lab-C16696\backend-lab-C16696.csproj", "{82573FD8-B0E9-4CED-9495-8C3ACB0E7002}"
EndProject
Global
	GlobalSection(SolutionConfigurationPlatforms) = preSolution
		Debug|Any CPU = Debug|Any CPU
		Release|Any CPU = Release|Any CPU
	EndGlobalSection
	GlobalSection(ProjectConfigurationPlatforms) = postSolution
		{82573FD8-B0E9-4CED-9495-8C3ACB0E7002}.Debug|Any CPU.ActiveCfg = Debug|Any CPU
		{82573FD8-B0E9-4CED-9495-8C3ACB0E7002}.Debug|Any CPU.Build.0 = Debug|Any CPU
		{82573FD8-B0E9-4CED-9495-8C3ACB0E7002}.Release|Any CPU.ActiveCfg = Release|Any CPU
		{82573FD8-B0E9-4CED-9495-8C3ACB0E7002}.Release|Any CPU.Build.0 = Release|Any CPU
	EndGlobalSection
	GlobalSection(SolutionProperties) = preSolution
		HideSolutionNode = FALSE
	EndGlobalSection
	GlobalSection(ExtensibilityGlobals) = postSolution
		SolutionGuid = {0FA5F69A-F91B-4BA0-87C2-3C421779C887}
	EndGlobalSection
EndGlobal
